
Microsoft Visual Studio Solution File, Format Version 12.00
# Visual Studio Version 17
VisualStudioVersion = 17.5.002.0
MinimumVisualStudioVersion = 10.0.40219.1
Project("{2150E333-8FDC-42A3-9474-1A3956D46DE8}") = "Projects", "Projects", "{FADC8749-EB1D-4BC5-B61E-F809B88FF656}"
EndProject
Project("{9A19103F-16F7-4668-BE54-9A1E7A4F7556}") = "HelloWorld", "Projects\HelloWorld\HelloWorld.csproj", "{4177B9FD-CB96-46E3-91A9-561F222E8B77}"
EndProject
Global
	GlobalSection(SolutionConfigurationPlatforms) = preSolution
		Debug|Any CPU = Debug|Any CPU
		Release|Any CPU = Release|Any CPU
	EndGlobalSection
	GlobalSection(ProjectConfigurationPlatforms) = postSolution
		{4177B9FD-CB96-46E3-91A9-561F222E8B77}.Debug|Any CPU.ActiveCfg = Debug|Any CPU
		{4177B9FD-CB96-46E3-91A9-561F222E8B77}.Debug|Any CPU.Build.0 = Debug|Any CPU
		{4177B9FD-CB96-46E3-91A9-561F222E8B77}.Release|Any CPU.ActiveCfg = Release|Any CPU
		{4177B9FD-CB96-46E3-91A9-561F222E8B77}.Release|Any CPU.Build.0 = Release|Any CPU
	EndGlobalSection
	GlobalSection(SolutionProperties) = preSolution
		HideSolutionNode = FALSE
	EndGlobalSection
	GlobalSection(NestedProjects) = preSolution
		{4177B9FD-CB96-46E3-91A9-561F222E8B77} = {FADC8749-EB1D-4BC5-B61E-F809B88FF656}
	EndGlobalSection
	GlobalSection(ExtensibilityGlobals) = postSolution
		SolutionGuid = {E476D987-4199-4D46-BC86-A43CE8F63870}
	EndGlobalSection
EndGlobal
